
Microsoft Visual Studio Solution File, Format Version 12.00
# Visual Studio Version 16
VisualStudioVersion = 16.0.32126.315
MinimumVisualStudioVersion = 10.0.40219.1
Project("{FAE04EC0-301F-11D3-BF4B-00C04F79EFBC}") = "Notification.API", "Notification.API\Notification.API.csproj", "{8C56040A-B7A6-4E00-AF02-7269A8332362}"
EndProject
Project("{FAE04EC0-301F-11D3-BF4B-00C04F79EFBC}") = "Notification.API.Tests", "Notification.API.Tests\Notification.API.Tests.csproj", "{93063649-A75F-4567-8E82-F1C4F1E786B3}"
EndProject
Global
	GlobalSection(SolutionConfigurationPlatforms) = preSolution
		Debug|Any CPU = Debug|Any CPU
		Release|Any CPU = Release|Any CPU
	EndGlobalSection
	GlobalSection(ProjectConfigurationPlatforms) = postSolution
		{8C56040A-B7A6-4E00-AF02-7269A8332362}.Debug|Any CPU.ActiveCfg = Debug|Any CPU
		{8C56040A-B7A6-4E00-AF02-7269A8332362}.Debug|Any CPU.Build.0 = Debug|Any CPU
		{8C56040A-B7A6-4E00-AF02-7269A8332362}.Release|Any CPU.ActiveCfg = Release|Any CPU
		{8C56040A-B7A6-4E00-AF02-7269A8332362}.Release|Any CPU.Build.0 = Release|Any CPU
		{93063649-A75F-4567-8E82-F1C4F1E786B3}.Debug|Any CPU.ActiveCfg = Debug|Any CPU
		{93063649-A75F-4567-8E82-F1C4F1E786B3}.Debug|Any CPU.Build.0 = Debug|Any CPU
		{93063649-A75F-4567-8E82-F1C4F1E786B3}.Release|Any CPU.ActiveCfg = Release|Any CPU
		{93063649-A75F-4567-8E82-F1C4F1E786B3}.Release|Any CPU.Build.0 = Release|Any CPU
	EndGlobalSection
	GlobalSection(SolutionProperties) = preSolution
		HideSolutionNode = FALSE
	EndGlobalSection
	GlobalSection(ExtensibilityGlobals) = postSolution
		SolutionGuid = {7C0A959D-D429-4698-BA4B-115F7AADAC1A}
	EndGlobalSection
EndGlobal
